
Microsoft Visual Studio Solution File, Format Version 12.00
# Visual Studio Version 16
VisualStudioVersion = 16.0.32106.194
MinimumVisualStudioVersion = 10.0.40219.1
Project("{FAE04EC0-301F-11D3-BF4B-00C04F79EFBC}") = "SevenHabitsTodoApp", "SevenHabitsTodoApp.csproj", "{79544EBE-C087-4297-AF66-E0853E02ECB0}"
EndProject
Global
	GlobalSection(SolutionConfigurationPlatforms) = preSolution
		Debug|Any CPU = Debug|Any CPU
		Release|Any CPU = Release|Any CPU
	EndGlobalSection
	GlobalSection(ProjectConfigurationPlatforms) = postSolution
		{79544EBE-C087-4297-AF66-E0853E02ECB0}.Debug|Any CPU.ActiveCfg = Debug|Any CPU
		{79544EBE-C087-4297-AF66-E0853E02ECB0}.Debug|Any CPU.Build.0 = Debug|Any CPU
		{79544EBE-C087-4297-AF66-E0853E02ECB0}.Release|Any CPU.ActiveCfg = Release|Any CPU
		{79544EBE-C087-4297-AF66-E0853E02ECB0}.Release|Any CPU.Build.0 = Release|Any CPU
	EndGlobalSection
	GlobalSection(SolutionProperties) = preSolution
		HideSolutionNode = FALSE
	EndGlobalSection
	GlobalSection(ExtensibilityGlobals) = postSolution
		SolutionGuid = {FF562E0D-AC90-4FC6-8D71-92408B31E5DC}
	EndGlobalSection
EndGlobal
